
Microsoft Visual Studio Solution File, Format Version 12.00
# Visual Studio Version 17
VisualStudioVersion = 17.0.31903.59
MinimumVisualStudioVersion = 10.0.40219.1
Project("{FAE04EC0-301F-11D3-BF4B-00C04F79EFBC}") = "GenericRepositoryPattern", "GenericRepositoryPattern\GenericRepositoryPattern.csproj", "{27C79A83-4751-4477-9837-3D427B8E5113}"
EndProject
Global
	GlobalSection(SolutionConfigurationPlatforms) = preSolution
		Debug|Any CPU = Debug|Any CPU
		Release|Any CPU = Release|Any CPU
	EndGlobalSection
	GlobalSection(ProjectConfigurationPlatforms) = postSolution
		{27C79A83-4751-4477-9837-3D427B8E5113}.Debug|Any CPU.ActiveCfg = Debug|Any CPU
		{27C79A83-4751-4477-9837-3D427B8E5113}.Debug|Any CPU.Build.0 = Debug|Any CPU
		{27C79A83-4751-4477-9837-3D427B8E5113}.Release|Any CPU.ActiveCfg = Release|Any CPU
		{27C79A83-4751-4477-9837-3D427B8E5113}.Release|Any CPU.Build.0 = Release|Any CPU
	EndGlobalSection
	GlobalSection(SolutionProperties) = preSolution
		HideSolutionNode = FALSE
	EndGlobalSection
	GlobalSection(ExtensibilityGlobals) = postSolution
		SolutionGuid = {ECF4B2AD-D327-4040-BF33-625D2940C260}
	EndGlobalSection
EndGlobal
